Microsoft Visual Studio Solution File, Format Version 9.00
# Visual Studio 2005
Project("{FAE04EC0-301F-11D3-BF4B-00C04F79EFBC}") = "Q183557", "Q183557\Q183557.csproj", "{5F571E40-7C9F-4D6A-98AC-B2BE4C8B5ADF}"
	ProjectSection(WebsiteProperties) = preProject
		Debug.AspNetCompiler.Debug = "True"
		Release.AspNetCompiler.Debug = "False"
	EndProjectSection
EndProject
Global
	GlobalSection(SolutionConfigurationPlatforms) = preSolution
		Debug|Any CPU = Debug|Any CPU
		Release|Any CPU = Release|Any CPU
	EndGlobalSection
	GlobalSection(ProjectConfigurationPlatforms) = postSolution
		{5F571E40-7C9F-4D6A-98AC-B2BE4C8B5ADF}.Debug|Any CPU.ActiveCfg = Debug|Any CPU
		{5F571E40-7C9F-4D6A-98AC-B2BE4C8B5ADF}.Debug|Any CPU.Build.0 = Debug|Any CPU
		{5F571E40-7C9F-4D6A-98AC-B2BE4C8B5ADF}.Release|Any CPU.ActiveCfg = Release|Any CPU
		{5F571E40-7C9F-4D6A-98AC-B2BE4C8B5ADF}.Release|Any CPU.Build.0 = Release|Any CPU
	EndGlobalSection
	GlobalSection(SolutionProperties) = preSolution
		HideSolutionNode = FALSE
	EndGlobalSection
EndGlobal
